
Microsoft Visual Studio Solution File, Format Version 12.00
# Visual Studio Version 16
VisualStudioVersion = 16.0.31424.327
MinimumVisualStudioVersion = 10.0.40219.1
Project("{FAE04EC0-301F-11D3-BF4B-00C04F79EFBC}") = "Qsti.ProData.Gateway", "Qsti.ProData.Gateway.csproj", "{94107607-B91A-4CED-8DF9-5364E20BDDE3}"
EndProject
Global
	GlobalSection(SolutionConfigurationPlatforms) = preSolution
		Debug|Any CPU = Debug|Any CPU
		Release|Any CPU = Release|Any CPU
	EndGlobalSection
	GlobalSection(ProjectConfigurationPlatforms) = postSolution
		{94107607-B91A-4CED-8DF9-5364E20BDDE3}.Debug|Any CPU.ActiveCfg = Debug|Any CPU
		{94107607-B91A-4CED-8DF9-5364E20BDDE3}.Debug|Any CPU.Build.0 = Debug|Any CPU
		{94107607-B91A-4CED-8DF9-5364E20BDDE3}.Release|Any CPU.ActiveCfg = Release|Any CPU
		{94107607-B91A-4CED-8DF9-5364E20BDDE3}.Release|Any CPU.Build.0 = Release|Any CPU
	EndGlobalSection
	GlobalSection(SolutionProperties) = preSolution
		HideSolutionNode = FALSE
	EndGlobalSection
	GlobalSection(ExtensibilityGlobals) = postSolution
		SolutionGuid = {8A98C2A8-454C-4057-A848-1CF8D2CC5A60}
	EndGlobalSection
EndGlobal
